
Microsoft Visual Studio Solution File, Format Version 12.00
# Visual Studio Version 17
VisualStudioVersion = 17.8.34330.188
MinimumVisualStudioVersion = 10.0.40219.1
Project("{FAE04EC0-301F-11D3-BF4B-00C04F79EFBC}") = "TourismAPI", "TourismAPI.csproj", "{6EF033BB-7F40-4404-8ECB-0092A6B7FEFF}"
EndProject
Global
	GlobalSection(SolutionConfigurationPlatforms) = preSolution
		Debug|Any CPU = Debug|Any CPU
		Release|Any CPU = Release|Any CPU
	EndGlobalSection
	GlobalSection(ProjectConfigurationPlatforms) = postSolution
		{6EF033BB-7F40-4404-8ECB-0092A6B7FEFF}.Debug|Any CPU.ActiveCfg = Debug|Any CPU
		{6EF033BB-7F40-4404-8ECB-0092A6B7FEFF}.Debug|Any CPU.Build.0 = Debug|Any CPU
		{6EF033BB-7F40-4404-8ECB-0092A6B7FEFF}.Release|Any CPU.ActiveCfg = Release|Any CPU
		{6EF033BB-7F40-4404-8ECB-0092A6B7FEFF}.Release|Any CPU.Build.0 = Release|Any CPU
	EndGlobalSection
	GlobalSection(SolutionProperties) = preSolution
		HideSolutionNode = FALSE
	EndGlobalSection
	GlobalSection(ExtensibilityGlobals) = postSolution
		SolutionGuid = {1AD99DC2-E0CB-4785-900F-626467F95D92}
	EndGlobalSection
EndGlobal
